
Microsoft Visual Studio Solution File, Format Version 12.00
# Visual Studio 15
VisualStudioVersion = 15.0.27004.2002
MinimumVisualStudioVersion = 10.0.40219.1
Project("{FAE04EC0-301F-11D3-BF4B-00C04F79EFBC}") = "VarintBitConverter", "VarintBitConverter\VarintBitConverter.csproj", "{EA7F5B93-68F3-4C5C-BBF4-FFA7E17F235E}"
EndProject
Project("{2150E333-8FDC-42A3-9474-1A3956D46DE8}") = "Tests", "Tests", "{E42F6E1B-72F5-404F-B331-DCB3DB013469}"
EndProject
Project("{FAE04EC0-301F-11D3-BF4B-00C04F79EFBC}") = "VarintBitConverter.UnitTests", "Tests\VarintBitConverter.UnitTests\VarintBitConverter.UnitTests.csproj", "{3290E86F-13EA-429E-8012-D5568758B90B}"
EndProject
Global
	GlobalSection(SolutionConfigurationPlatforms) = preSolution
		Debug|Any CPU = Debug|Any CPU
		Release|Any CPU = Release|Any CPU
	EndGlobalSection
	GlobalSection(ProjectConfigurationPlatforms) = postSolution
		{EA7F5B93-68F3-4C5C-BBF4-FFA7E17F235E}.Debug|Any CPU.ActiveCfg = Debug|Any CPU
		{EA7F5B93-68F3-4C5C-BBF4-FFA7E17F235E}.Debug|Any CPU.Build.0 = Debug|Any CPU
		{EA7F5B93-68F3-4C5C-BBF4-FFA7E17F235E}.Release|Any CPU.ActiveCfg = Release|Any CPU
		{EA7F5B93-68F3-4C5C-BBF4-FFA7E17F235E}.Release|Any CPU.Build.0 = Release|Any CPU
		{3290E86F-13EA-429E-8012-D5568758B90B}.Debug|Any CPU.ActiveCfg = Debug|Any CPU
		{3290E86F-13EA-429E-8012-D5568758B90B}.Debug|Any CPU.Build.0 = Debug|Any CPU
		{3290E86F-13EA-429E-8012-D5568758B90B}.Release|Any CPU.ActiveCfg = Release|Any CPU
		{3290E86F-13EA-429E-8012-D5568758B90B}.Release|Any CPU.Build.0 = Release|Any CPU
	EndGlobalSection
	GlobalSection(SolutionProperties) = preSolution
		HideSolutionNode = FALSE
	EndGlobalSection
	GlobalSection(NestedProjects) = preSolution
		{3290E86F-13EA-429E-8012-D5568758B90B} = {E42F6E1B-72F5-404F-B331-DCB3DB013469}
	EndGlobalSection
	GlobalSection(ExtensibilityGlobals) = postSolution
		SolutionGuid = {7F73943A-4FC4-4BB5-AA28-3162E1330D6B}
	EndGlobalSection
EndGlobal
